<?xml version="1.0" encoding="utf-8"?>
<Project ToolsVersion="4.0" xmlns="http://schemas.microsoft.com/developer/msbuild/2003">
  <ItemGroup>
    <Filter Include="DEngine">
      <UniqueIdentifier>{0f35ae88-9fb0-4c0b-afbd-71d5e0b98857}</UniqueIdentifier>
    </Filter>
    <Filter Include="Resource">
      <UniqueIdentifier>{8aef3a7b-711e-4728-83d8-7200d2c5ba85}</UniqueIdentifier>
    </Filter>
    <Filter Include="Utils">
      <UniqueIdentifier>{020e7bb4-7644-492b-bc2b-8328cf1bc42a}</UniqueIdentifier>
    </Filter>
    <Filter Include="Shader">
      <UniqueIdentifier>{1973432b-90c9-4e6f-95af-d49219bd0888}</UniqueIdentifier>
    </Filter>
    <Filter Include="Manager">
      <UniqueIdentifier>{8564e7da-db7d-4828-83db-0107d5397a88}</UniqueIdentifier>
    </Filter>
    <Filter Include="Object">
      <UniqueIdentifier>{04d0a8c5-7f27-496c-8e42-cc4f8d66441e}</UniqueIdentifier>
    </Filter>
    <Filter Include="Object\Test">
      <UniqueIdentifier>{8f8293c5-5b6e-40ed-8105-2e0001af5526}</UniqueIdentifier>
    </Filter>
    <Filter Include="Object\Component">
      <UniqueIdentifier>{bd60e4eb-1c6e-43ec-82ff-c185fb9178d8}</UniqueIdentifier>
    </Filter>
    <Filter Include="Object\Component\Collider">
      <UniqueIdentifier>{d058475d-baf8-40d5-92b9-8e69813a156d}</UniqueIdentifier>
    </Filter>
    <Filter Include="Utils\ImGui">
      <UniqueIdentifier>{bc622453-eb61-4b91-ad67-1b36f1b63441}</UniqueIdentifier>
    </Filter>
    <Filter Include="Diagnostics">
      <UniqueIdentifier>{8e5b10f3-56dd-445f-ae76-16efd92ddf53}</UniqueIdentifier>
    </Filter>
  </ItemGroup>
  <ItemGroup>
    <ClCompile Include="pch.cpp">
      <Filter>Utils</Filter>
    </ClCompile>
    <ClCompile Include="EnginePch.cpp">
      <Filter>Utils</Filter>
    </ClCompile>
    <ClCompile Include="CommandQueue.cpp">
      <Filter>DEngine</Filter>
    </ClCompile>
    <ClCompile Include="Device.cpp">
      <Filter>DEngine</Filter>
    </ClCompile>
    <ClCompile Include="DEngine.cpp">
      <Filter>DEngine</Filter>
    </ClCompile>
    <ClCompile Include="SwapChain.cpp">
      <Filter>DEngine</Filter>
    </ClCompile>
    <ClCompile Include="RootSignature.cpp">
      <Filter>DEngine</Filter>
    </ClCompile>
    <ClCompile Include="Mesh.cpp">
      <Filter>Resource</Filter>
    </ClCompile>
    <ClCompile Include="Shader.cpp">
      <Filter>Resource</Filter>
    </ClCompile>
    <ClCompile Include="ConstantBuffer.cpp">
      <Filter>DEngine</Filter>
    </ClCompile>
    <ClCompile Include="TableDescriptorHeap.cpp">
      <Filter>DEngine</Filter>
    </ClCompile>
    <ClCompile Include="Texture.cpp">
      <Filter>Resource</Filter>
    </ClCompile>
    <ClCompile Include="Material.cpp">
      <Filter>Resource</Filter>
    </ClCompile>
    <ClCompile Include="SceneManager.cpp">
      <Filter>Manager</Filter>
    </ClCompile>
    <ClCompile Include="Scene.cpp">
      <Filter>Manager</Filter>
    </ClCompile>
    <ClCompile Include="Input.cpp">
      <Filter>Manager</Filter>
    </ClCompile>
    <ClCompile Include="Timer.cpp">
      <Filter>Manager</Filter>
    </ClCompile>
    <ClCompile Include="SimpleMath.cpp">
      <Filter>Utils</Filter>
    </ClCompile>
    <ClCompile Include="TestCameraScript.cpp">
      <Filter>Object\Test</Filter>
    </ClCompile>
    <ClCompile Include="Resources.cpp">
      <Filter>Manager</Filter>
    </ClCompile>
    <ClCompile Include="Object.cpp">
      <Filter>Object</Filter>
    </ClCompile>
    <ClCompile Include="Camera.cpp">
      <Filter>Object\Component</Filter>
    </ClCompile>
    <ClCompile Include="Component.cpp">
      <Filter>Object\Component</Filter>
    </ClCompile>
    <ClCompile Include="MeshRenderer.cpp">
      <Filter>Object\Component</Filter>
    </ClCompile>
    <ClCompile Include="MonoBehaviour.cpp">
      <Filter>Object\Component</Filter>
    </ClCompile>
    <ClCompile Include="Transform.cpp">
      <Filter>Object\Component</Filter>
    </ClCompile>
    <ClCompile Include="GameObject.cpp">
      <Filter>Object</Filter>
    </ClCompile>
    <ClCompile Include="Light.cpp">
      <Filter>Object\Component</Filter>
    </ClCompile>
    <ClCompile Include="Frustum.cpp">
      <Filter>Object\Component</Filter>
    </ClCompile>
    <ClCompile Include="RenderTargetGroup.cpp">
      <Filter>DEngine</Filter>
    </ClCompile>
    <ClCompile Include="StructuredBuffer.cpp">
      <Filter>DEngine</Filter>
    </ClCompile>
    <ClCompile Include="ParticleSystem.cpp">
      <Filter>Object\Component</Filter>
    </ClCompile>
    <ClCompile Include="InstancingBuffer.cpp">
      <Filter>DEngine</Filter>
    </ClCompile>
    <ClCompile Include="InstancingManager.cpp">
      <Filter>DEngine</Filter>
    </ClCompile>
    <ClCompile Include="Terrain.cpp">
      <Filter>Object\Component</Filter>
    </ClCompile>
    <ClCompile Include="BaseCollider.cpp">
      <Filter>Object\Component\Collider</Filter>
    </ClCompile>
    <ClCompile Include="SphereCollider.cpp">
      <Filter>Object\Component\Collider</Filter>
    </ClCompile>
    <ClCompile Include="FBXLoader.cpp">
      <Filter>Utils</Filter>
    </ClCompile>
    <ClCompile Include="MeshData.cpp">
      <Filter>Resource</Filter>
    </ClCompile>
    <ClCompile Include="Animator.cpp">
      <Filter>Object\Component</Filter>
    </ClCompile>
    <ClCompile Include="TestDragon.cpp">
      <Filter>Object\Test</Filter>
    </ClCompile>
    <ClCompile Include="imgui.cpp">
      <Filter>Utils\ImGui</Filter>
    </ClCompile>
    <ClCompile Include="imgui_demo.cpp">
      <Filter>Utils\ImGui</Filter>
    </ClCompile>
    <ClCompile Include="imgui_draw.cpp">
      <Filter>Utils\ImGui</Filter>
    </ClCompile>
    <ClCompile Include="imgui_tables.cpp">
      <Filter>Utils\ImGui</Filter>
    </ClCompile>
    <ClCompile Include="imgui_widgets.cpp">
      <Filter>Utils\ImGui</Filter>
    </ClCompile>
    <ClCompile Include="imgui_impl_dx12.cpp">
      <Filter>Utils\ImGui</Filter>
    </ClCompile>
    <ClCompile Include="imgui_impl_win32.cpp">
      <Filter>Utils\ImGui</Filter>
    </ClCompile>
    <ClCompile Include="ImGuiManager.cpp">
      <Filter>Utils\ImGui</Filter>
    </ClCompile>
    <ClCompile Include="DiagnosticsManager.cpp">
      <Filter>Diagnostics</Filter>
    </ClCompile>
    <ClCompile Include="GpuTimer.cpp">
      <Filter>Diagnostics</Filter>
    </ClCompile>
    <ClCompile Include="IBLManager.cpp">
      <Filter>Manager</Filter>
    </ClCompile>
    <ClCompile Include="DeferredReleaseQueue.cpp">
      <Filter>DEngine</Filter>
    </ClCompile>
  </ItemGroup>
  <ItemGroup>
    <ClInclude Include="pch.h">
      <Filter>Utils</Filter>
    </ClInclude>
    <ClInclude Include="EnginePch.h">
      <Filter>Utils</Filter>
    </ClInclude>
    <ClInclude Include="d3dx12.h">
      <Filter>Utils</Filter>
    </ClInclude>
    <ClInclude Include="CommandQueue.h">
      <Filter>DEngine</Filter>
    </ClInclude>
    <ClInclude Include="Device.h">
      <Filter>DEngine</Filter>
    </ClInclude>
    <ClInclude Include="DEngine.h">
      <Filter>DEngine</Filter>
    </ClInclude>
    <ClInclude Include="SwapChain.h">
      <Filter>DEngine</Filter>
    </ClInclude>
    <ClInclude Include="RootSignature.h">
      <Filter>DEngine</Filter>
    </ClInclude>
    <ClInclude Include="Mesh.h">
      <Filter>Resource</Filter>
    </ClInclude>
    <ClInclude Include="Shader.h">
      <Filter>Resource</Filter>
    </ClInclude>
    <ClInclude Include="ConstantBuffer.h">
      <Filter>DEngine</Filter>
    </ClInclude>
    <ClInclude Include="TableDescriptorHeap.h">
      <Filter>DEngine</Filter>
    </ClInclude>
    <ClInclude Include="Texture.h">
      <Filter>Resource</Filter>
    </ClInclude>
    <ClInclude Include="Material.h">
      <Filter>Resource</Filter>
    </ClInclude>
    <ClInclude Include="SceneManager.h">
      <Filter>Manager</Filter>
    </ClInclude>
    <ClInclude Include="Scene.h">
      <Filter>Manager</Filter>
    </ClInclude>
    <ClInclude Include="Input.h">
      <Filter>Manager</Filter>
    </ClInclude>
    <ClInclude Include="Timer.h">
      <Filter>Manager</Filter>
    </ClInclude>
    <ClInclude Include="SimpleMath.h">
      <Filter>Utils</Filter>
    </ClInclude>
    <ClInclude Include="TestCameraScript.h">
      <Filter>Object\Test</Filter>
    </ClInclude>
    <ClInclude Include="Resources.h">
      <Filter>Manager</Filter>
    </ClInclude>
    <ClInclude Include="Object.h">
      <Filter>Object</Filter>
    </ClInclude>
    <ClInclude Include="Camera.h">
      <Filter>Object\Component</Filter>
    </ClInclude>
    <ClInclude Include="Component.h">
      <Filter>Object\Component</Filter>
    </ClInclude>
    <ClInclude Include="MeshRenderer.h">
      <Filter>Object\Component</Filter>
    </ClInclude>
    <ClInclude Include="MonoBehaviour.h">
      <Filter>Object\Component</Filter>
    </ClInclude>
    <ClInclude Include="Transform.h">
      <Filter>Object\Component</Filter>
    </ClInclude>
    <ClInclude Include="GameObject.h">
      <Filter>Object</Filter>
    </ClInclude>
    <ClInclude Include="Light.h">
      <Filter>Object\Component</Filter>
    </ClInclude>
    <ClInclude Include="Frustum.h">
      <Filter>Object\Component</Filter>
    </ClInclude>
    <ClInclude Include="RenderTargetGroup.h">
      <Filter>DEngine</Filter>
    </ClInclude>
    <ClInclude Include="StructuredBuffer.h">
      <Filter>DEngine</Filter>
    </ClInclude>
    <ClInclude Include="ParticleSystem.h">
      <Filter>Object\Component</Filter>
    </ClInclude>
    <ClInclude Include="InstancingBuffer.h">
      <Filter>DEngine</Filter>
    </ClInclude>
    <ClInclude Include="InstancingManager.h">
      <Filter>DEngine</Filter>
    </ClInclude>
    <ClInclude Include="Terrain.h">
      <Filter>Object\Component</Filter>
    </ClInclude>
    <ClInclude Include="BaseCollider.h">
      <Filter>Object\Component\Collider</Filter>
    </ClInclude>
    <ClInclude Include="SphereCollider.h">
      <Filter>Object\Component\Collider</Filter>
    </ClInclude>
    <ClInclude Include="FBXLoader.h">
      <Filter>Utils</Filter>
    </ClInclude>
    <ClInclude Include="MeshData.h">
      <Filter>Resource</Filter>
    </ClInclude>
    <ClInclude Include="Animator.h">
      <Filter>Object\Component</Filter>
    </ClInclude>
    <ClInclude Include="TestDragon.h">
      <Filter>Object\Test</Filter>
    </ClInclude>
    <ClInclude Include="imconfig.h">
      <Filter>Utils\ImGui</Filter>
    </ClInclude>
    <ClInclude Include="imgui.h">
      <Filter>Utils\ImGui</Filter>
    </ClInclude>
    <ClInclude Include="imgui_internal.h">
      <Filter>Utils\ImGui</Filter>
    </ClInclude>
    <ClInclude Include="imstb_rectpack.h">
      <Filter>Utils\ImGui</Filter>
    </ClInclude>
    <ClInclude Include="imstb_textedit.h">
      <Filter>Utils\ImGui</Filter>
    </ClInclude>
    <ClInclude Include="imstb_truetype.h">
      <Filter>Utils\ImGui</Filter>
    </ClInclude>
    <ClInclude Include="imgui_impl_win32.h">
      <Filter>Utils\ImGui</Filter>
    </ClInclude>
    <ClInclude Include="imgui_impl_dx12.h">
      <Filter>Utils\ImGui</Filter>
    </ClInclude>
    <ClInclude Include="ImGuiManager.h">
      <Filter>Utils\ImGui</Filter>
    </ClInclude>
    <ClInclude Include="DiagnosticsManager.h">
      <Filter>Diagnostics</Filter>
    </ClInclude>
    <ClInclude Include="GpuTimer.h">
      <Filter>Diagnostics</Filter>
    </ClInclude>
    <ClInclude Include="IBLManager.h">
      <Filter>Manager</Filter>
    </ClInclude>
    <ClInclude Include="DeferredReleaseQueue.h">
      <Filter>DEngine</Filter>
    </ClInclude>
  </ItemGroup>
  <ItemGroup>
    <None Include="SimpleMath.inl">
      <Filter>Utils</Filter>
    </None>
  </ItemGroup>
  <ItemGroup>
    <FxCompile Include="..\Resources\Shader\compute.fx">
      <Filter>Shader</Filter>
    </FxCompile>
    <FxCompile Include="..\Resources\Shader\deferred.fx">
      <Filter>Shader</Filter>
    </FxCompile>
    <FxCompile Include="..\Resources\Shader\forward.fx">
      <Filter>Shader</Filter>
    </FxCompile>
    <FxCompile Include="..\Resources\Shader\lighting.fx">
      <Filter>Shader</Filter>
    </FxCompile>
    <FxCompile Include="..\Resources\Shader\params.fx">
      <Filter>Shader</Filter>
    </FxCompile>
    <FxCompile Include="..\Resources\Shader\particle.fx">
      <Filter>Shader</Filter>
    </FxCompile>
    <FxCompile Include="..\Resources\Shader\skybox.fx">
      <Filter>Shader</Filter>
    </FxCompile>
    <FxCompile Include="..\Resources\Shader\utils.fx">
      <Filter>Shader</Filter>
    </FxCompile>
    <FxCompile Include="..\Resources\Shader\shadow.fx">
      <Filter>Shader</Filter>
    </FxCompile>
    <FxCompile Include="..\Resources\Shader\tessellation.fx">
      <Filter>Shader</Filter>
    </FxCompile>
    <FxCompile Include="..\Resources\Shader\terrain.fx">
      <Filter>Shader</Filter>
    </FxCompile>
    <FxCompile Include="..\Resources\Shader\math.fx">
      <Filter>Shader</Filter>
    </FxCompile>
    <FxCompile Include="..\Resources\Shader\animation.fx">
      <Filter>Shader</Filter>
    </FxCompile>
    <FxCompile Include="..\Resources\Shader\pbr.fx">
      <Filter>Shader</Filter>
    </FxCompile>
    <FxCompile Include="..\Resources\Shader\equirect_to_cube.fx">
      <Filter>Shader</Filter>
    </FxCompile>
    <FxCompile Include="..\Resources\Shader\skybox_cube.fx">
      <Filter>Shader</Filter>
    </FxCompile>
    <FxCompile Include="..\Resources\Shader\prefilter.fx">
      <Filter>Shader</Filter>
    </FxCompile>
    <FxCompile Include="..\Resources\Shader\irradiance.fx">
      <Filter>Shader</Filter>
    </FxCompile>
    <FxCompile Include="..\Resources\Shader\ibl_params.fx">
      <Filter>Shader</Filter>
    </FxCompile>
    <FxCompile Include="..\Resources\Shader\brdflut.fx">
      <Filter>Shader</Filter>
    </FxCompile>
  </ItemGroup>
</Project>