<?xml version="1.0" encoding="utf-8"?>
<Project ToolsVersion="4.0" xmlns="http://schemas.microsoft.com/developer/msbuild/2003">
  <ItemGroup>
    <Filter Include="DEngine">
      <UniqueIdentifier>{0f35ae88-9fb0-4c0b-afbd-71d5e0b98857}</UniqueIdentifier>
    </Filter>
    <Filter Include="Resource">
      <UniqueIdentifier>{8aef3a7b-711e-4728-83d8-7200d2c5ba85}</UniqueIdentifier>
    </Filter>
    <Filter Include="Utils">
      <UniqueIdentifier>{020e7bb4-7644-492b-bc2b-8328cf1bc42a}</UniqueIdentifier>
    </Filter>
    <Filter Include="Shader">
      <UniqueIdentifier>{1973432b-90c9-4e6f-95af-d49219bd0888}</UniqueIdentifier>
    </Filter>
  </ItemGroup>
  <ItemGroup>
    <ClCompile Include="pch.cpp">
      <Filter>Utils</Filter>
    </ClCompile>
    <ClCompile Include="EnginePch.cpp">
      <Filter>Utils</Filter>
    </ClCompile>
    <ClCompile Include="CommandQueue.cpp">
      <Filter>DEngine</Filter>
    </ClCompile>
    <ClCompile Include="Device.cpp">
      <Filter>DEngine</Filter>
    </ClCompile>
    <ClCompile Include="DEngine.cpp">
      <Filter>DEngine</Filter>
    </ClCompile>
    <ClCompile Include="SwapChain.cpp">
      <Filter>DEngine</Filter>
    </ClCompile>
    <ClCompile Include="RootSignature.cpp">
      <Filter>DEngine</Filter>
    </ClCompile>
    <ClCompile Include="Mesh.cpp">
      <Filter>Resource</Filter>
    </ClCompile>
    <ClCompile Include="Shader.cpp">
      <Filter>Resource</Filter>
    </ClCompile>
    <ClCompile Include="ConstantBuffer.cpp">
      <Filter>DEngine</Filter>
    </ClCompile>
    <ClCompile Include="TableDescriptorHeap.cpp">
      <Filter>DEngine</Filter>
    </ClCompile>
    <ClCompile Include="Texture.cpp">
      <Filter>Resource</Filter>
    </ClCompile>
    <ClCompile Include="DepthStencilBuffer.cpp">
      <Filter>DEngine</Filter>
    </ClCompile>
    <ClCompile Include="Input.cpp">
      <Filter>DEngine</Filter>
    </ClCompile>
    <ClCompile Include="Timer.cpp">
      <Filter>DEngine</Filter>
    </ClCompile>
  </ItemGroup>
  <ItemGroup>
    <ClInclude Include="pch.h">
      <Filter>Utils</Filter>
    </ClInclude>
    <ClInclude Include="EnginePch.h">
      <Filter>Utils</Filter>
    </ClInclude>
    <ClInclude Include="d3dx12.h">
      <Filter>Utils</Filter>
    </ClInclude>
    <ClInclude Include="CommandQueue.h">
      <Filter>DEngine</Filter>
    </ClInclude>
    <ClInclude Include="Device.h">
      <Filter>DEngine</Filter>
    </ClInclude>
    <ClInclude Include="DEngine.h">
      <Filter>DEngine</Filter>
    </ClInclude>
    <ClInclude Include="SwapChain.h">
      <Filter>DEngine</Filter>
    </ClInclude>
    <ClInclude Include="RootSignature.h">
      <Filter>DEngine</Filter>
    </ClInclude>
    <ClInclude Include="Mesh.h">
      <Filter>Resource</Filter>
    </ClInclude>
    <ClInclude Include="Shader.h">
      <Filter>Resource</Filter>
    </ClInclude>
    <ClInclude Include="ConstantBuffer.h">
      <Filter>DEngine</Filter>
    </ClInclude>
    <ClInclude Include="TableDescriptorHeap.h">
      <Filter>DEngine</Filter>
    </ClInclude>
    <ClInclude Include="Texture.h">
      <Filter>Resource</Filter>
    </ClInclude>
    <ClInclude Include="DepthStencilBuffer.h">
      <Filter>DEngine</Filter>
    </ClInclude>
    <ClInclude Include="Input.h">
      <Filter>DEngine</Filter>
    </ClInclude>
    <ClInclude Include="Timer.h">
      <Filter>DEngine</Filter>
    </ClInclude>
  </ItemGroup>
  <ItemGroup>
    <None Include="..\Resources\Shader\default.hlsli">
      <Filter>Shader</Filter>
    </None>
  </ItemGroup>
</Project>